
Microsoft Visual Studio Solution File, Format Version 12.00
Project("{FAE04EC0-301F-11D3-BF4B-00C04F79EFBC}") = "Robust.LoaderApi", "Robust.LoaderApi\Robust.LoaderApi\Robust.LoaderApi.csproj", "{A0DADA4E-EE96-4A48-9A97-1BD9735B7294}"
EndProject
Project("{FAE04EC0-301F-11D3-BF4B-00C04F79EFBC}") = "Content.Datum", "Content.Datum\Content.Datum.csproj", "{D1937A6F-288B-4A0C-9E2B-1C9579F781BB}"
EndProject
Project("{FAE04EC0-301F-11D3-BF4B-00C04F79EFBC}") = "Content.Downloader", "Content.Downloader\Content.Downloader.csproj", "{A3B7AA28-FA6C-4770-B45F-5383A4F75959}"
EndProject
Project("{FAE04EC0-301F-11D3-BF4B-00C04F79EFBC}") = "Content.Runner", "Content.Runner\Content.Runner.csproj", "{BA029C09-ED1C-41A7-A9EA-C1B93883D8C9}"
EndProject
Project("{FAE04EC0-301F-11D3-BF4B-00C04F79EFBC}") = "Content.UI", "Content.UI\Content.UI.csproj", "{E12E0C2F-A544-4A6E-B5CC-0FEFB3E167AA}"
EndProject
Project("{FAE04EC0-301F-11D3-BF4B-00C04F79EFBC}") = "Content.Script", "Content.Script\Content.Script.csproj", "{C1492E05-580D-40D4-82CD-91CB2C02CC00}"
EndProject
Global
	GlobalSection(SolutionConfigurationPlatforms) = preSolution
		Debug|Any CPU = Debug|Any CPU
		Release|Any CPU = Release|Any CPU
	EndGlobalSection
	GlobalSection(ProjectConfigurationPlatforms) = postSolution
		{A0DADA4E-EE96-4A48-9A97-1BD9735B7294}.Debug|Any CPU.ActiveCfg = Debug|Any CPU
		{A0DADA4E-EE96-4A48-9A97-1BD9735B7294}.Debug|Any CPU.Build.0 = Debug|Any CPU
		{A0DADA4E-EE96-4A48-9A97-1BD9735B7294}.Release|Any CPU.ActiveCfg = Release|Any CPU
		{A0DADA4E-EE96-4A48-9A97-1BD9735B7294}.Release|Any CPU.Build.0 = Release|Any CPU
		{D1937A6F-288B-4A0C-9E2B-1C9579F781BB}.Debug|Any CPU.ActiveCfg = Debug|Any CPU
		{D1937A6F-288B-4A0C-9E2B-1C9579F781BB}.Debug|Any CPU.Build.0 = Debug|Any CPU
		{D1937A6F-288B-4A0C-9E2B-1C9579F781BB}.Release|Any CPU.ActiveCfg = Release|Any CPU
		{D1937A6F-288B-4A0C-9E2B-1C9579F781BB}.Release|Any CPU.Build.0 = Release|Any CPU
		{A3B7AA28-FA6C-4770-B45F-5383A4F75959}.Debug|Any CPU.ActiveCfg = Debug|Any CPU
		{A3B7AA28-FA6C-4770-B45F-5383A4F75959}.Debug|Any CPU.Build.0 = Debug|Any CPU
		{A3B7AA28-FA6C-4770-B45F-5383A4F75959}.Release|Any CPU.ActiveCfg = Release|Any CPU
		{A3B7AA28-FA6C-4770-B45F-5383A4F75959}.Release|Any CPU.Build.0 = Release|Any CPU
		{BA029C09-ED1C-41A7-A9EA-C1B93883D8C9}.Debug|Any CPU.ActiveCfg = Debug|Any CPU
		{BA029C09-ED1C-41A7-A9EA-C1B93883D8C9}.Debug|Any CPU.Build.0 = Debug|Any CPU
		{BA029C09-ED1C-41A7-A9EA-C1B93883D8C9}.Release|Any CPU.ActiveCfg = Release|Any CPU
		{BA029C09-ED1C-41A7-A9EA-C1B93883D8C9}.Release|Any CPU.Build.0 = Release|Any CPU
		{E12E0C2F-A544-4A6E-B5CC-0FEFB3E167AA}.Debug|Any CPU.ActiveCfg = Debug|Any CPU
		{E12E0C2F-A544-4A6E-B5CC-0FEFB3E167AA}.Debug|Any CPU.Build.0 = Debug|Any CPU
		{E12E0C2F-A544-4A6E-B5CC-0FEFB3E167AA}.Release|Any CPU.ActiveCfg = Release|Any CPU
		{E12E0C2F-A544-4A6E-B5CC-0FEFB3E167AA}.Release|Any CPU.Build.0 = Release|Any CPU
		{C1492E05-580D-40D4-82CD-91CB2C02CC00}.Debug|Any CPU.ActiveCfg = Debug|Any CPU
		{C1492E05-580D-40D4-82CD-91CB2C02CC00}.Debug|Any CPU.Build.0 = Debug|Any CPU
		{C1492E05-580D-40D4-82CD-91CB2C02CC00}.Release|Any CPU.ActiveCfg = Release|Any CPU
		{C1492E05-580D-40D4-82CD-91CB2C02CC00}.Release|Any CPU.Build.0 = Release|Any CPU
	EndGlobalSection
EndGlobal
